
Microsoft Visual Studio Solution File, Format Version 12.00
# Visual Studio Version 17
VisualStudioVersion = 17.4.33110.190
MinimumVisualStudioVersion = 10.0.40219.1
Project("{FAE04EC0-301F-11D3-BF4B-00C04F79EFBC}") = "Class instance example", "Class instance example.csproj", "{0F2B54D8-7DAB-4CB4-A937-7831BBCA0EA3}"
EndProject
Global
	GlobalSection(SolutionConfigurationPlatforms) = preSolution
		Debug|Any CPU = Debug|Any CPU
		Release|Any CPU = Release|Any CPU
	EndGlobalSection
	GlobalSection(ProjectConfigurationPlatforms) = postSolution
		{0F2B54D8-7DAB-4CB4-A937-7831BBCA0EA3}.Debug|Any CPU.ActiveCfg = Debug|Any CPU
		{0F2B54D8-7DAB-4CB4-A937-7831BBCA0EA3}.Debug|Any CPU.Build.0 = Debug|Any CPU
		{0F2B54D8-7DAB-4CB4-A937-7831BBCA0EA3}.Release|Any CPU.ActiveCfg = Release|Any CPU
		{0F2B54D8-7DAB-4CB4-A937-7831BBCA0EA3}.Release|Any CPU.Build.0 = Release|Any CPU
	EndGlobalSection
	GlobalSection(SolutionProperties) = preSolution
		HideSolutionNode = FALSE
	EndGlobalSection
	GlobalSection(ExtensibilityGlobals) = postSolution
		SolutionGuid = {A643C34F-69F6-4106-A9A8-AE6F4C4DE2F0}
	EndGlobalSection
EndGlobal
